// !$*UTF8*$!
{
	archiveVersion = 1;
	classes = {
	};
	objectVersion = 46;
	objects = {

/* Begin PBXBuildFile section */
		A6DD4BE29A2D21E60B3B5FFC /* libPods.a in Frameworks */ = {isa = PBXBuildFile; fileRef = E0CBD2F13404F26745C6F85C /* libPods.a */; };
		F075DD591DA8F4AB00EAF7A3 /* MPIconAndTitleCell.m in Sources */ = {isa = PBXBuildFile; fileRef = F075DD521DA8F4AB00EAF7A3 /* MPIconAndTitleCell.m */; };
		F075DD5A1DA8F4AB00EAF7A3 /* MPMultitextCell.m in Sources */ = {isa = PBXBuildFile; fileRef = F075DD541DA8F4AB00EAF7A3 /* MPMultitextCell.m */; };
		F075DD5B1DA8F4AB00EAF7A3 /* MPTitleAndPromptCell.m in Sources */ = {isa = PBXBuildFile; fileRef = F075DD561DA8F4AB00EAF7A3 /* MPTitleAndPromptCell.m */; };
		F075DD5C1DA8F4AB00EAF7A3 /* UIPlaceHolderTextView.m in Sources */ = {isa = PBXBuildFile; fileRef = F075DD581DA8F4AB00EAF7A3 /* UIPlaceHolderTextView.m */; };
		F075DD611DA8F4B300EAF7A3 /* DemoController.m in Sources */ = {isa = PBXBuildFile; fileRef = F075DD601DA8F4B300EAF7A3 /* DemoController.m */; };
		F075DD6C1DA8F68400EAF7A3 /* DPickerView.m in Sources */ = {isa = PBXBuildFile; fileRef = F075DD641DA8F68400EAF7A3 /* DPickerView.m */; };
		F075DD6D1DA8F68400EAF7A3 /* DPickerViewController.m in Sources */ = {isa = PBXBuildFile; fileRef = F075DD661DA8F68400EAF7A3 /* DPickerViewController.m */; };
		F075DD6E1DA8F68400EAF7A3 /* TDDatePickerController.m in Sources */ = {isa = PBXBuildFile; fileRef = F075DD681DA8F68400EAF7A3 /* TDDatePickerController.m */; };
		F075DD6F1DA8F68400EAF7A3 /* TDTimePickerController.m in Sources */ = {isa = PBXBuildFile; fileRef = F075DD6A1DA8F68400EAF7A3 /* TDTimePickerController.m */; };
		F075DD701DA8F68400EAF7A3 /* TDTimePickerController.xib in Resources */ = {isa = PBXBuildFile; fileRef = F075DD6B1DA8F68400EAF7A3 /* TDTimePickerController.xib */; };
		F075DD771DA8F69000EAF7A3 /* TDSemiModalViewController.m in Sources */ = {isa = PBXBuildFile; fileRef = F075DD741DA8F69000EAF7A3 /* TDSemiModalViewController.m */; };
		F075DD781DA8F69000EAF7A3 /* UIViewController+TDSemiModalExtension.m in Sources */ = {isa = PBXBuildFile; fileRef = F075DD761DA8F69000EAF7A3 /* UIViewController+TDSemiModalExtension.m */; };
		F075DD7C1DA8F6A000EAF7A3 /* NSDate+Utils.m in Sources */ = {isa = PBXBuildFile; fileRef = F075DD7B1DA8F6A000EAF7A3 /* NSDate+Utils.m */; };
		F0DFC89C1DA898B20082DF61 /* main.m in Sources */ = {isa = PBXBuildFile; fileRef = F0DFC89B1DA898B20082DF61 /* main.m */; };
		F0DFC89F1DA898B20082DF61 /* AppDelegate.m in Sources */ = {isa = PBXBuildFile; fileRef = F0DFC89E1DA898B20082DF61 /* AppDelegate.m */; };
		F0DFC8A71DA898B20082DF61 /* Assets.xcassets in Resources */ = {isa = PBXBuildFile; fileRef = F0DFC8A61DA898B20082DF61 /* Assets.xcassets */; };
		F0DFC8AA1DA898B20082DF61 /* LaunchScreen.storyboard in Resources */ = {isa = PBXBuildFile; fileRef = F0DFC8A81DA898B20082DF61 /* LaunchScreen.storyboard */; };
/* End PBXBuildFile section */

/* Begin PBXFileReference section */
		9CA9FCBB9807D7F9E6E72A53 /* Pods.debug.xcconfig */ = {isa = PBXFileReference; includeInIndex = 1; lastKnownFileType = text.xcconfig; name = Pods.debug.xcconfig; path = "Pods/Target Support Files/Pods/Pods.debug.xcconfig"; sourceTree = "<group>"; };
		AE86A765A11F15F5B703D92A /* Pods.release.xcconfig */ = {isa = PBXFileReference; includeInIndex = 1; lastKnownFileType = text.xcconfig; name = Pods.release.xcconfig; path = "Pods/Target Support Files/Pods/Pods.release.xcconfig"; sourceTree = "<group>"; };
		E0CBD2F13404F26745C6F85C /* libPods.a */ = {isa = PBXFileReference; explicitFileType = archive.ar; includeInIndex = 0; path = libPods.a; sourceTree = BUILT_PRODUCTS_DIR; };
		F075DD491DA8F34600EAF7A3 /* PrefixHeader.pch */ = {isa = PBXFileReference; lastKnownFileType = sourcecode.c.h; path = PrefixHeader.pch; sourceTree = "<group>"; };
		F075DD4F1DA8F4AB00EAF7A3 /* Macros.h */ = {isa = PBXFileReference; fileEncoding = 4; lastKnownFileType = sourcecode.c.h; path = Macros.h; sourceTree = "<group>"; };
		F075DD511DA8F4AB00EAF7A3 /* MPIconAndTitleCell.h */ = {isa = PBXFileReference; fileEncoding = 4; lastKnownFileType = sourcecode.c.h; path = MPIconAndTitleCell.h; sourceTree = "<group>"; };
		F075DD521DA8F4AB00EAF7A3 /* MPIconAndTitleCell.m */ = {isa = PBXFileReference; fileEncoding = 4; lastKnownFileType = sourcecode.c.objc; path = MPIconAndTitleCell.m; sourceTree = "<group>"; };
		F075DD531DA8F4AB00EAF7A3 /* MPMultitextCell.h */ = {isa = PBXFileReference; fileEncoding = 4; lastKnownFileType = sourcecode.c.h; path = MPMultitextCell.h; sourceTree = "<group>"; };
		F075DD541DA8F4AB00EAF7A3 /* MPMultitextCell.m */ = {isa = PBXFileReference; fileEncoding = 4; lastKnownFileType = sourcecode.c.objc; path = MPMultitextCell.m; sourceTree = "<group>"; };
		F075DD551DA8F4AB00EAF7A3 /* MPTitleAndPromptCell.h */ = {isa = PBXFileReference; fileEncoding = 4; lastKnownFileType = sourcecode.c.h; path = MPTitleAndPromptCell.h; sourceTree = "<group>"; };
		F075DD561DA8F4AB00EAF7A3 /* MPTitleAndPromptCell.m */ = {isa = PBXFileReference; fileEncoding = 4; lastKnownFileType = sourcecode.c.objc; path = MPTitleAndPromptCell.m; sourceTree = "<group>"; };
		F075DD571DA8F4AB00EAF7A3 /* UIPlaceHolderTextView.h */ = {isa = PBXFileReference; fileEncoding = 4; lastKnownFileType = sourcecode.c.h; path = UIPlaceHolderTextView.h; sourceTree = "<group>"; };
		F075DD581DA8F4AB00EAF7A3 /* UIPlaceHolderTextView.m */ = {isa = PBXFileReference; fileEncoding = 4; lastKnownFileType = sourcecode.c.objc; path = UIPlaceHolderTextView.m; sourceTree = "<group>"; };
		F075DD5F1DA8F4B300EAF7A3 /* DemoController.h */ = {isa = PBXFileReference; fileEncoding = 4; lastKnownFileType = sourcecode.c.h; path = DemoController.h; sourceTree = "<group>"; };
		F075DD601DA8F4B300EAF7A3 /* DemoController.m */ = {isa = PBXFileReference; fileEncoding = 4; lastKnownFileType = sourcecode.c.objc; path = DemoController.m; sourceTree = "<group>"; };
		F075DD631DA8F68400EAF7A3 /* DPickerView.h */ = {isa = PBXFileReference; fileEncoding = 4; lastKnownFileType = sourcecode.c.h; path = DPickerView.h; sourceTree = "<group>"; };
		F075DD641DA8F68400EAF7A3 /* DPickerView.m */ = {isa = PBXFileReference; fileEncoding = 4; lastKnownFileType = sourcecode.c.objc; path = DPickerView.m; sourceTree = "<group>"; };
		F075DD651DA8F68400EAF7A3 /* DPickerViewController.h */ = {isa = PBXFileReference; fileEncoding = 4; lastKnownFileType = sourcecode.c.h; path = DPickerViewController.h; sourceTree = "<group>"; };
		F075DD661DA8F68400EAF7A3 /* DPickerViewController.m */ = {isa = PBXFileReference; fileEncoding = 4; lastKnownFileType = sourcecode.c.objc; path = DPickerViewController.m; sourceTree = "<group>"; };
		F075DD671DA8F68400EAF7A3 /* TDDatePickerController.h */ = {isa = PBXFileReference; fileEncoding = 4; lastKnownFileType = sourcecode.c.h; path = TDDatePickerController.h; sourceTree = "<group>"; };
		F075DD681DA8F68400EAF7A3 /* TDDatePickerController.m */ = {isa = PBXFileReference; fileEncoding = 4; lastKnownFileType = sourcecode.c.objc; path = TDDatePickerController.m; sourceTree = "<group>"; };
		F075DD691DA8F68400EAF7A3 /* TDTimePickerController.h */ = {isa = PBXFileReference; fileEncoding = 4; lastKnownFileType = sourcecode.c.h; path = TDTimePickerController.h; sourceTree = "<group>"; };
		F075DD6A1DA8F68400EAF7A3 /* TDTimePickerController.m */ = {isa = PBXFileReference; fileEncoding = 4; lastKnownFileType = sourcecode.c.objc; path = TDTimePickerController.m; sourceTree = "<group>"; };
		F075DD6B1DA8F68400EAF7A3 /* TDTimePickerController.xib */ = {isa = PBXFileReference; fileEncoding = 4; lastKnownFileType = file.xib; path = TDTimePickerController.xib; sourceTree = "<group>"; };
		F075DD721DA8F69000EAF7A3 /* TDSemiModal.h */ = {isa = PBXFileReference; fileEncoding = 4; lastKnownFileType = sourcecode.c.h; path = TDSemiModal.h; sourceTree = "<group>"; };
		F075DD731DA8F69000EAF7A3 /* TDSemiModalViewController.h */ = {isa = PBXFileReference; fileEncoding = 4; lastKnownFileType = sourcecode.c.h; path = TDSemiModalViewController.h; sourceTree = "<group>"; };
		F075DD741DA8F69000EAF7A3 /* TDSemiModalViewController.m */ = {isa = PBXFileReference; fileEncoding = 4; lastKnownFileType = sourcecode.c.objc; path = TDSemiModalViewController.m; sourceTree = "<group>"; };
		F075DD751DA8F69000EAF7A3 /* UIViewController+TDSemiModalExtension.h */ = {isa = PBXFileReference; fileEncoding = 4; lastKnownFileType = sourcecode.c.h; path = "UIViewController+TDSemiModalExtension.h"; sourceTree = "<group>"; };
		F075DD761DA8F69000EAF7A3 /* UIViewController+TDSemiModalExtension.m */ = {isa = PBXFileReference; fileEncoding = 4; lastKnownFileType = sourcecode.c.objc; path = "UIViewController+TDSemiModalExtension.m"; sourceTree = "<group>"; };
		F075DD7A1DA8F6A000EAF7A3 /* NSDate+Utils.h */ = {isa = PBXFileReference; fileEncoding = 4; lastKnownFileType = sourcecode.c.h; path = "NSDate+Utils.h"; sourceTree = "<group>"; };
		F075DD7B1DA8F6A000EAF7A3 /* NSDate+Utils.m */ = {isa = PBXFileReference; fileEncoding = 4; lastKnownFileType = sourcecode.c.objc; path = "NSDate+Utils.m"; sourceTree = "<group>"; };
		F0DFC8971DA898B20082DF61 /* TableViewInfoManager.app */ = {isa = PBXFileReference; explicitFileType = wrapper.application; includeInIndex = 0; path = TableViewInfoManager.app; sourceTree = BUILT_PRODUCTS_DIR; };
		F0DFC89B1DA898B20082DF61 /* main.m */ = {isa = PBXFileReference; lastKnownFileType = sourcecode.c.objc; path = main.m; sourceTree = "<group>"; };
		F0DFC89D1DA898B20082DF61 /* AppDelegate.h */ = {isa = PBXFileReference; lastKnownFileType = sourcecode.c.h; path = AppDelegate.h; sourceTree = "<group>"; };
		F0DFC89E1DA898B20082DF61 /* AppDelegate.m */ = {isa = PBXFileReference; lastKnownFileType = sourcecode.c.objc; path = AppDelegate.m; sourceTree = "<group>"; };
		F0DFC8A61DA898B20082DF61 /* Assets.xcassets */ = {isa = PBXFileReference; lastKnownFileType = folder.assetcatalog; path = Assets.xcassets; sourceTree = "<group>"; };
		F0DFC8A91DA898B20082DF61 /* Base */ = {isa = PBXFileReference; lastKnownFileType = file.storyboard; name = Base; path = Base.lproj/LaunchScreen.storyboard; sourceTree = "<group>"; };
		F0DFC8AB1DA898B20082DF61 /* Info.plist */ = {isa = PBXFileReference; lastKnownFileType = text.plist.xml; path = Info.plist; sourceTree = "<group>"; };
/* End PBXFileReference section */

/* Begin PBXFrameworksBuildPhase section */
		F0DFC8941DA898B20082DF61 /* Frameworks */ = {
			isa = PBXFrameworksBuildPhase;
			buildActionMask = 2147483647;
			files = (
				A6DD4BE29A2D21E60B3B5FFC /* libPods.a in Frameworks */,
			);
			runOnlyForDeploymentPostprocessing = 0;
		};
/* End PBXFrameworksBuildPhase section */

/* Begin PBXGroup section */
		A9B794646EC981E078777C62 /* Frameworks */ = {
			isa = PBXGroup;
			children = (
				E0CBD2F13404F26745C6F85C /* libPods.a */,
			);
			name = Frameworks;
			sourceTree = "<group>";
		};
		EB5CEF33FC4E193A8079F5A3 /* Pods */ = {
			isa = PBXGroup;
			children = (
				9CA9FCBB9807D7F9E6E72A53 /* Pods.debug.xcconfig */,
				AE86A765A11F15F5B703D92A /* Pods.release.xcconfig */,
			);
			name = Pods;
			sourceTree = "<group>";
		};
		F075DD4E1DA8F4AB00EAF7A3 /* TableViewInfoUseManager */ = {
			isa = PBXGroup;
			children = (
				F075DD4F1DA8F4AB00EAF7A3 /* Macros.h */,
				F075DD501DA8F4AB00EAF7A3 /* View */,
			);
			path = TableViewInfoUseManager;
			sourceTree = "<group>";
		};
		F075DD501DA8F4AB00EAF7A3 /* View */ = {
			isa = PBXGroup;
			children = (
				F075DD511DA8F4AB00EAF7A3 /* MPIconAndTitleCell.h */,
				F075DD521DA8F4AB00EAF7A3 /* MPIconAndTitleCell.m */,
				F075DD531DA8F4AB00EAF7A3 /* MPMultitextCell.h */,
				F075DD541DA8F4AB00EAF7A3 /* MPMultitextCell.m */,
				F075DD551DA8F4AB00EAF7A3 /* MPTitleAndPromptCell.h */,
				F075DD561DA8F4AB00EAF7A3 /* MPTitleAndPromptCell.m */,
				F075DD571DA8F4AB00EAF7A3 /* UIPlaceHolderTextView.h */,
				F075DD581DA8F4AB00EAF7A3 /* UIPlaceHolderTextView.m */,
			);
			path = View;
			sourceTree = "<group>";
		};
		F075DD5D1DA8F4B300EAF7A3 /* Demo */ = {
			isa = PBXGroup;
			children = (
				F075DD791DA8F6A000EAF7A3 /* NSDate */,
				F075DD711DA8F69000EAF7A3 /* TDSemiModalViewController */,
				F075DD621DA8F68400EAF7A3 /* TDPickerController */,
				F075DD5E1DA8F4B300EAF7A3 /* Controller */,
			);
			path = Demo;
			sourceTree = "<group>";
		};
		F075DD5E1DA8F4B300EAF7A3 /* Controller */ = {
			isa = PBXGroup;
			children = (
				F075DD5F1DA8F4B300EAF7A3 /* DemoController.h */,
				F075DD601DA8F4B300EAF7A3 /* DemoController.m */,
			);
			path = Controller;
			sourceTree = "<group>";
		};
		F075DD621DA8F68400EAF7A3 /* TDPickerController */ = {
			isa = PBXGroup;
			children = (
				F075DD631DA8F68400EAF7A3 /* DPickerView.h */,
				F075DD641DA8F68400EAF7A3 /* DPickerView.m */,
				F075DD651DA8F68400EAF7A3 /* DPickerViewController.h */,
				F075DD661DA8F68400EAF7A3 /* DPickerViewController.m */,
				F075DD671DA8F68400EAF7A3 /* TDDatePickerController.h */,
				F075DD681DA8F68400EAF7A3 /* TDDatePickerController.m */,
				F075DD691DA8F68400EAF7A3 /* TDTimePickerController.h */,
				F075DD6A1DA8F68400EAF7A3 /* TDTimePickerController.m */,
				F075DD6B1DA8F68400EAF7A3 /* TDTimePickerController.xib */,
			);
			path = TDPickerController;
			sourceTree = "<group>";
		};
		F075DD711DA8F69000EAF7A3 /* TDSemiModalViewController */ = {
			isa = PBXGroup;
			children = (
				F075DD721DA8F69000EAF7A3 /* TDSemiModal.h */,
				F075DD731DA8F69000EAF7A3 /* TDSemiModalViewController.h */,
				F075DD741DA8F69000EAF7A3 /* TDSemiModalViewController.m */,
				F075DD751DA8F69000EAF7A3 /* UIViewController+TDSemiModalExtension.h */,
				F075DD761DA8F69000EAF7A3 /* UIViewController+TDSemiModalExtension.m */,
			);
			path = TDSemiModalViewController;
			sourceTree = "<group>";
		};
		F075DD791DA8F6A000EAF7A3 /* NSDate */ = {
			isa = PBXGroup;
			children = (
				F075DD7A1DA8F6A000EAF7A3 /* NSDate+Utils.h */,
				F075DD7B1DA8F6A000EAF7A3 /* NSDate+Utils.m */,
			);
			path = NSDate;
			sourceTree = "<group>";
		};
		F0DFC88E1DA898B20082DF61 = {
			isa = PBXGroup;
			children = (
				F0DFC8991DA898B20082DF61 /* TableViewInfoManager */,
				F0DFC8981DA898B20082DF61 /* Products */,
				EB5CEF33FC4E193A8079F5A3 /* Pods */,
				A9B794646EC981E078777C62 /* Frameworks */,
			);
			sourceTree = "<group>";
		};
		F0DFC8981DA898B20082DF61 /* Products */ = {
			isa = PBXGroup;
			children = (
				F0DFC8971DA898B20082DF61 /* TableViewInfoManager.app */,
			);
			name = Products;
			sourceTree = "<group>";
		};
		F0DFC8991DA898B20082DF61 /* TableViewInfoManager */ = {
			isa = PBXGroup;
			children = (
				F075DD5D1DA8F4B300EAF7A3 /* Demo */,
				F075DD4E1DA8F4AB00EAF7A3 /* TableViewInfoUseManager */,
				F0DFC89D1DA898B20082DF61 /* AppDelegate.h */,
				F0DFC89E1DA898B20082DF61 /* AppDelegate.m */,
				F0DFC8A61DA898B20082DF61 /* Assets.xcassets */,
				F0DFC8A81DA898B20082DF61 /* LaunchScreen.storyboard */,
				F0DFC8AB1DA898B20082DF61 /* Info.plist */,
				F0DFC89A1DA898B20082DF61 /* Supporting Files */,
				F075DD491DA8F34600EAF7A3 /* PrefixHeader.pch */,
			);
			path = TableViewInfoManager;
			sourceTree = "<group>";
		};
		F0DFC89A1DA898B20082DF61 /* Supporting Files */ = {
			isa = PBXGroup;
			children = (
				F0DFC89B1DA898B20082DF61 /* main.m */,
			);
			name = "Supporting Files";
			sourceTree = "<group>";
		};
/* End PBXGroup section */

/* Begin PBXNativeTarget section */
		F0DFC8961DA898B20082DF61 /* TableViewInfoManager */ = {
			isa = PBXNativeTarget;
			buildConfigurationList = F0DFC8AE1DA898B20082DF61 /* Build configuration list for PBXNativeTarget "TableViewInfoManager" */;
			buildPhases = (
				B7813C5A20400934E2ADD934 /* Check Pods Manifest.lock */,
				F0DFC8931DA898B20082DF61 /* Sources */,
				F0DFC8941DA898B20082DF61 /* Frameworks */,
				F0DFC8951DA898B20082DF61 /* Resources */,
				F81EF1EB4617AEBE23871977 /* Embed Pods Frameworks */,
				C8B61B51054F82E6AE402D57 /* Copy Pods Resources */,
			);
			buildRules = (
			);
			dependencies = (
			);
			name = TableViewInfoManager;
			productName = TableViewInfoManager;
			productReference = F0DFC8971DA898B20082DF61 /* TableViewInfoManager.app */;
			productType = "com.apple.product-type.application";
		};
/* End PBXNativeTarget section */

/* Begin PBXProject section */
		F0DFC88F1DA898B20082DF61 /* Project object */ = {
			isa = PBXProject;
			attributes = {
				LastUpgradeCheck = 0800;
				ORGANIZATIONNAME = George;
				TargetAttributes = {
					F0DFC8961DA898B20082DF61 = {
						CreatedOnToolsVersion = 8.0;
						ProvisioningStyle = Automatic;
					};
				};
			};
			buildConfigurationList = F0DFC8921DA898B20082DF61 /* Build configuration list for PBXProject "TableViewInfoManager" */;
			compatibilityVersion = "Xcode 3.2";
			developmentRegion = English;
			hasScannedForEncodings = 0;
			knownRegions = (
				en,
				Base,
			);
			mainGroup = F0DFC88E1DA898B20082DF61;
			productRefGroup = F0DFC8981DA898B20082DF61 /* Products */;
			projectDirPath = "";
			projectRoot = "";
			targets = (
				F0DFC8961DA898B20082DF61 /* TableViewInfoManager */,
			);
		};
/* End PBXProject section */

/* Begin PBXResourcesBuildPhase section */
		F0DFC8951DA898B20082DF61 /* Resources */ = {
			isa = PBXResourcesBuildPhase;
			buildActionMask = 2147483647;
			files = (
				F075DD701DA8F68400EAF7A3 /* TDTimePickerController.xib in Resources */,
				F0DFC8AA1DA898B20082DF61 /* LaunchScreen.storyboard in Resources */,
				F0DFC8A71DA898B20082DF61 /* Assets.xcassets in Resources */,
			);
			runOnlyForDeploymentPostprocessing = 0;
		};
/* End PBXResourcesBuildPhase section */

/* Begin PBXShellScriptBuildPhase section */
		B7813C5A20400934E2ADD934 /* Check Pods Manifest.lock */ = {
			isa = PBXShellScriptBuildPhase;
			buildActionMask = 2147483647;
			files = (
			);
			inputPaths = (
			);
			name = "Check Pods Manifest.lock";
			outputPaths = (
			);
			runOnlyForDeploymentPostprocessing = 0;
			shellPath = /bin/sh;
			shellScript = "diff \"${PODS_ROOT}/../Podfile.lock\" \"${PODS_ROOT}/Manifest.lock\" > /dev/null\nif [[ $? != 0 ]] ; then\n    cat << EOM\nerror: The sandbox is not in sync with the Podfile.lock. Run 'pod install' or update your CocoaPods installation.\nEOM\n    exit 1\nfi\n";
			showEnvVarsInLog = 0;
		};
		C8B61B51054F82E6AE402D57 /* Copy Pods Resources */ = {
			isa = PBXShellScriptBuildPhase;
			buildActionMask = 2147483647;
			files = (
			);
			inputPaths = (
			);
			name = "Copy Pods Resources";
			outputPaths = (
			);
			runOnlyForDeploymentPostprocessing = 0;
			shellPath = /bin/sh;
			shellScript = "\"${SRCROOT}/Pods/Target Support Files/Pods/Pods-resources.sh\"\n";
			showEnvVarsInLog = 0;
		};
		F81EF1EB4617AEBE23871977 /* Embed Pods Frameworks */ = {
			isa = PBXShellScriptBuildPhase;
			buildActionMask = 2147483647;
			files = (
			);
			inputPaths = (
			);
			name = "Embed Pods Frameworks";
			outputPaths = (
			);
			runOnlyForDeploymentPostprocessing = 0;
			shellPath = /bin/sh;
			shellScript = "\"${SRCROOT}/Pods/Target Support Files/Pods/Pods-frameworks.sh\"\n";
			showEnvVarsInLog = 0;
		};
/* End PBXShellScriptBuildPhase section */

/* Begin PBXSourcesBuildPhase section */
		F0DFC8931DA898B20082DF61 /* Sources */ = {
			isa = PBXSourcesBuildPhase;
			buildActionMask = 2147483647;
			files = (
				F075DD6F1DA8F68400EAF7A3 /* TDTimePickerController.m in Sources */,
				F075DD591DA8F4AB00EAF7A3 /* MPIconAndTitleCell.m in Sources */,
				F075DD5C1DA8F4AB00EAF7A3 /* UIPlaceHolderTextView.m in Sources */,
				F075DD611DA8F4B300EAF7A3 /* DemoController.m in Sources */,
				F075DD6D1DA8F68400EAF7A3 /* DPickerViewController.m in Sources */,
				F075DD5A1DA8F4AB00EAF7A3 /* MPMultitextCell.m in Sources */,
				F075DD5B1DA8F4AB00EAF7A3 /* MPTitleAndPromptCell.m in Sources */,
				F075DD6C1DA8F68400EAF7A3 /* DPickerView.m in Sources */,
				F075DD7C1DA8F6A000EAF7A3 /* NSDate+Utils.m in Sources */,
				F075DD781DA8F69000EAF7A3 /* UIViewController+TDSemiModalExtension.m in Sources */,
				F075DD771DA8F69000EAF7A3 /* TDSemiModalViewController.m in Sources */,
				F075DD6E1DA8F68400EAF7A3 /* TDDatePickerController.m in Sources */,
				F0DFC89F1DA898B20082DF61 /* AppDelegate.m in Sources */,
				F0DFC89C1DA898B20082DF61 /* main.m in Sources */,
			);
			runOnlyForDeploymentPostprocessing = 0;
		};
/* End PBXSourcesBuildPhase section */

/* Begin PBXVariantGroup section */
		F0DFC8A81DA898B20082DF61 /* LaunchScreen.storyboard */ = {
			isa = PBXVariantGroup;
			children = (
				F0DFC8A91DA898B20082DF61 /* Base */,
			);
			name = LaunchScreen.storyboard;
			sourceTree = "<group>";
		};
/* End PBXVariantGroup section */

/* Begin XCBuildConfiguration section */
		F0DFC8AC1DA898B20082DF61 /* Debug */ = {
			isa = XCBuildConfiguration;
			buildSettings = {
				ALWAYS_SEARCH_USER_PATHS = NO;
				CLANG_ANALYZER_NONNULL = YES;
				CLANG_CXX_LANGUAGE_STANDARD = "gnu++0x";
				CLANG_CXX_LIBRARY = "libc++";
				CLANG_ENABLE_MODULES = YES;
				CLANG_ENABLE_OBJC_ARC = YES;
				CLANG_WARN_BOOL_CONVERSION = YES;
				CLANG_WARN_CONSTANT_CONVERSION = YES;
				CLANG_WARN_DIRECT_OBJC_ISA_USAGE = YES_ERROR;
				CLANG_WARN_DOCUMENTATION_COMMENTS = YES;
				CLANG_WARN_EMPTY_BODY = YES;
				CLANG_WARN_ENUM_CONVERSION = YES;
				CLANG_WARN_INFINITE_RECURSION = YES;
				CLANG_WARN_INT_CONVERSION = YES;
				CLANG_WARN_OBJC_ROOT_CLASS = YES_ERROR;
				CLANG_WARN_SUSPICIOUS_MOVES = YES;
				CLANG_WARN_UNREACHABLE_CODE = YES;
				CLANG_WARN__DUPLICATE_METHOD_MATCH = YES;
				"CODE_SIGN_IDENTITY[sdk=iphoneos*]" = "iPhone Developer";
				COPY_PHASE_STRIP = NO;
				DEBUG_INFORMATION_FORMAT = dwarf;
				ENABLE_STRICT_OBJC_MSGSEND = YES;
				ENABLE_TESTABILITY = YES;
				GCC_C_LANGUAGE_STANDARD = gnu99;
				GCC_DYNAMIC_NO_PIC = NO;
				GCC_NO_COMMON_BLOCKS = YES;
				GCC_OPTIMIZATION_LEVEL = 0;
				GCC_PREPROCESSOR_DEFINITIONS = (
					"DEBUG=1",
					"$(inherited)",
				);
				GCC_WARN_64_TO_32_BIT_CONVERSION = YES;
				GCC_WARN_ABOUT_RETURN_TYPE = YES_ERROR;
				GCC_WARN_UNDECLARED_SELECTOR = YES;
				GCC_WARN_UNINITIALIZED_AUTOS = YES_AGGRESSIVE;
				GCC_WARN_UNUSED_FUNCTION = YES;
				GCC_WARN_UNUSED_VARIABLE = YES;
				IPHONEOS_DEPLOYMENT_TARGET = 10.0;
				MTL_ENABLE_DEBUG_INFO = YES;
				ONLY_ACTIVE_ARCH = YES;
				SDKROOT = iphoneos;
			};
			name = Debug;
		};
		F0DFC8AD1DA898B20082DF61 /* Release */ = {
			isa = XCBuildConfiguration;
			buildSettings = {
				ALWAYS_SEARCH_USER_PATHS = NO;
				CLANG_ANALYZER_NONNULL = YES;
				CLANG_CXX_LANGUAGE_STANDARD = "gnu++0x";
				CLANG_CXX_LIBRARY = "libc++";
				CLANG_ENABLE_MODULES = YES;
				CLANG_ENABLE_OBJC_ARC = YES;
				CLANG_WARN_BOOL_CONVERSION = YES;
				CLANG_WARN_CONSTANT_CONVERSION = YES;
				CLANG_WARN_DIRECT_OBJC_ISA_USAGE = YES_ERROR;
				CLANG_WARN_DOCUMENTATION_COMMENTS = YES;
				CLANG_WARN_EMPTY_BODY = YES;
				CLANG_WARN_ENUM_CONVERSION = YES;
				CLANG_WARN_INFINITE_RECURSION = YES;
				CLANG_WARN_INT_CONVERSION = YES;
				CLANG_WARN_OBJC_ROOT_CLASS = YES_ERROR;
				CLANG_WARN_SUSPICIOUS_MOVES = YES;
				CLANG_WARN_UNREACHABLE_CODE = YES;
				CLANG_WARN__DUPLICATE_METHOD_MATCH = YES;
				"CODE_SIGN_IDENTITY[sdk=iphoneos*]" = "iPhone Developer";
				COPY_PHASE_STRIP = NO;
				DEBUG_INFORMATION_FORMAT = "dwarf-with-dsym";
				ENABLE_NS_ASSERTIONS = NO;
				ENABLE_STRICT_OBJC_MSGSEND = YES;
				GCC_C_LANGUAGE_STANDARD = gnu99;
				GCC_NO_COMMON_BLOCKS = YES;
				GCC_WARN_64_TO_32_BIT_CONVERSION = YES;
				GCC_WARN_ABOUT_RETURN_TYPE = YES_ERROR;
				GCC_WARN_UNDECLARED_SELECTOR = YES;
				GCC_WARN_UNINITIALIZED_AUTOS = YES_AGGRESSIVE;
				GCC_WARN_UNUSED_FUNCTION = YES;
				GCC_WARN_UNUSED_VARIABLE = YES;
				IPHONEOS_DEPLOYMENT_TARGET = 10.0;
				MTL_ENABLE_DEBUG_INFO = NO;
				SDKROOT = iphoneos;
				VALIDATE_PRODUCT = YES;
			};
			name = Release;
		};
		F0DFC8AF1DA898B20082DF61 /* Debug */ = {
			isa = XCBuildConfiguration;
			baseConfigurationReference = 9CA9FCBB9807D7F9E6E72A53 /* Pods.debug.xcconfig */;
			buildSettings = {
				ASSETCATALOG_COMPILER_APPICON_NAME = AppIcon;
				GCC_PREFIX_HEADER = TableViewInfoManager/PrefixHeader.pch;
				INFOPLIST_FILE = TableViewInfoManager/Info.plist;
				LD_RUNPATH_SEARCH_PATHS = "$(inherited) @executable_path/Frameworks";
				PRODUCT_BUNDLE_IDENTIFIER = www..TableViewInfoManager;
				PRODUCT_NAME = "$(TARGET_NAME)";
			};
			name = Debug;
		};
		F0DFC8B01DA898B20082DF61 /* Release */ = {
			isa = XCBuildConfiguration;
			baseConfigurationReference = AE86A765A11F15F5B703D92A /* Pods.release.xcconfig */;
			buildSettings = {
				ASSETCATALOG_COMPILER_APPICON_NAME = AppIcon;
				GCC_PREFIX_HEADER = TableViewInfoManager/PrefixHeader.pch;
				INFOPLIST_FILE = TableViewInfoManager/Info.plist;
				LD_RUNPATH_SEARCH_PATHS = "$(inherited) @executable_path/Frameworks";
				PRODUCT_BUNDLE_IDENTIFIER = www..TableViewInfoManager;
				PRODUCT_NAME = "$(TARGET_NAME)";
			};
			name = Release;
		};
/* End XCBuildConfiguration section */

/* Begin XCConfigurationList section */
		F0DFC8921DA898B20082DF61 /* Build configuration list for PBXProject "TableViewInfoManager" */ = {
			isa = XCConfigurationList;
			buildConfigurations = (
				F0DFC8AC1DA898B20082DF61 /* Debug */,
				F0DFC8AD1DA898B20082DF61 /* Release */,
			);
			defaultConfigurationIsVisible = 0;
			defaultConfigurationName = Release;
		};
		F0DFC8AE1DA898B20082DF61 /* Build configuration list for PBXNativeTarget "TableViewInfoManager" */ = {
			isa = XCConfigurationList;
			buildConfigurations = (
				F0DFC8AF1DA898B20082DF61 /* Debug */,
				F0DFC8B01DA898B20082DF61 /* Release */,
			);
			defaultConfigurationIsVisible = 0;
			defaultConfigurationName = Release;
		};
/* End XCConfigurationList section */
	};
	rootObject = F0DFC88F1DA898B20082DF61 /* Project object */;
}
